
Microsoft Visual Studio Solution File, Format Version 12.00
# Visual Studio Version 17
VisualStudioVersion = 17.8.34330.188
MinimumVisualStudioVersion = 10.0.40219.1
Project("{FAE04EC0-301F-11D3-BF4B-00C04F79EFBC}") = "Reservation", "Reservation\Reservation.csproj", "{3DEB83E6-C675-48C6-8428-2DB07C350BA8}"
EndProject
Project("{FAE04EC0-301F-11D3-BF4B-00C04F79EFBC}") = "Reservation.Core", "Reservation.Core\Reservation.Core.csproj", "{49D77331-AB5C-4E2B-9065-7EB3C3F61A4F}"
EndProject
Project("{FAE04EC0-301F-11D3-BF4B-00C04F79EFBC}") = "Reservation.Repository", "Reservation.Repository\Reservation.Repository.csproj", "{9BA4A9F7-BCBD-4F40-A68B-63C648AC7532}"
EndProject
Global
	GlobalSection(SolutionConfigurationPlatforms) = preSolution
		Debug|Any CPU = Debug|Any CPU
		Release|Any CPU = Release|Any CPU
	EndGlobalSection
	GlobalSection(ProjectConfigurationPlatforms) = postSolution
		{3DEB83E6-C675-48C6-8428-2DB07C350BA8}.Debug|Any CPU.ActiveCfg = Debug|Any CPU
		{3DEB83E6-C675-48C6-8428-2DB07C350BA8}.Debug|Any CPU.Build.0 = Debug|Any CPU
		{3DEB83E6-C675-48C6-8428-2DB07C350BA8}.Release|Any CPU.ActiveCfg = Release|Any CPU
		{3DEB83E6-C675-48C6-8428-2DB07C350BA8}.Release|Any CPU.Build.0 = Release|Any CPU
		{49D77331-AB5C-4E2B-9065-7EB3C3F61A4F}.Debug|Any CPU.ActiveCfg = Debug|Any CPU
		{49D77331-AB5C-4E2B-9065-7EB3C3F61A4F}.Debug|Any CPU.Build.0 = Debug|Any CPU
		{49D77331-AB5C-4E2B-9065-7EB3C3F61A4F}.Release|Any CPU.ActiveCfg = Release|Any CPU
		{49D77331-AB5C-4E2B-9065-7EB3C3F61A4F}.Release|Any CPU.Build.0 = Release|Any CPU
		{9BA4A9F7-BCBD-4F40-A68B-63C648AC7532}.Debug|Any CPU.ActiveCfg = Debug|Any CPU
		{9BA4A9F7-BCBD-4F40-A68B-63C648AC7532}.Debug|Any CPU.Build.0 = Debug|Any CPU
		{9BA4A9F7-BCBD-4F40-A68B-63C648AC7532}.Release|Any CPU.ActiveCfg = Release|Any CPU
		{9BA4A9F7-BCBD-4F40-A68B-63C648AC7532}.Release|Any CPU.Build.0 = Release|Any CPU
	EndGlobalSection
	GlobalSection(SolutionProperties) = preSolution
		HideSolutionNode = FALSE
	EndGlobalSection
	GlobalSection(ExtensibilityGlobals) = postSolution
		SolutionGuid = {9D026910-9F05-481E-BB79-3A5E3BA65E07}
	EndGlobalSection
EndGlobal
